// !$*UTF8*$!
{
	archiveVersion = 1;
	classes = {
	};
	objectVersion = 46;
	objects = {

/* Begin PBXBuildFile section */
		3E12607F0E56B44354A6A053 /* CVPixelBuffer+MutableImage.swift in Sources */ = {isa = PBXBuildFile; fileRef = 3E1267D94761DEE310082E2C /* CVPixelBuffer+MutableImage.swift */; };
		3E1260F69FE27BE58F506936 /* ImmutableImage.swift in Sources */ = {isa = PBXBuildFile; fileRef = 3E126D1E1B83AF74CCF1DEEE /* ImmutableImage.swift */; };
		3E126253AF513DC91A68838C /* GenericImage.swift in Sources */ = {isa = PBXBuildFile; fileRef = 3E126AC498DB8E5A8E3ED8E7 /* GenericImage.swift */; };
		3E12627D3D9A0AA4944AC976 /* CVPixelBuffer+GenericImageConvertible.swift in Sources */ = {isa = PBXBuildFile; fileRef = 3E126BEDD3BA65EC1856BAF5 /* CVPixelBuffer+GenericImageConvertible.swift */; };
		3E126323898B4CFDF665A20C /* CVPixelBuffer+CGImageConvertible.swift in Sources */ = {isa = PBXBuildFile; fileRef = 3E126116B63792A8A83D307A /* CVPixelBuffer+CGImageConvertible.swift */; };
		3E126329A9EC23E269FABF79 /* PixelProcesses.swift in Sources */ = {isa = PBXBuildFile; fileRef = 3E126EEC6C7DDEF7B8AE5BAD /* PixelProcesses.swift */; };
		3E12635DAD6FF11D0D67AFD1 /* GenericImage+CVPixelBufferConvertible.swift in Sources */ = {isa = PBXBuildFile; fileRef = 3E12686464533B56CE69C716 /* GenericImage+CVPixelBufferConvertible.swift */; };
		3E1264DC7FB1EE4F1A0874A8 /* UIImageConvertible.swift in Sources */ = {isa = PBXBuildFile; fileRef = 3E1266AF9F5F59C535C02F27 /* UIImageConvertible.swift */; };
		3E1265E367D9EAF8357645F4 /* CGImage+CVPixelBufferConvertible.swift in Sources */ = {isa = PBXBuildFile; fileRef = 3E126378DB07DF19D79E0377 /* CGImage+CVPixelBufferConvertible.swift */; };
		3E1266AE4B620F06BCC45074 /* PixelColorConversion.swift in Sources */ = {isa = PBXBuildFile; fileRef = 3E12675E5B7C1C9C84FBCAA8 /* PixelColorConversion.swift */; };
		3E1266FC407F63623844EDD8 /* CIImage+ImmutableImage.swift in Sources */ = {isa = PBXBuildFile; fileRef = 3E1266C6A1CE5A0E46FE7EBE /* CIImage+ImmutableImage.swift */; };
		3E12677E39AE1DE415F182BC /* GenericImage+CGImageConvertible.swift in Sources */ = {isa = PBXBuildFile; fileRef = 3E126657E65A22DA5ADF5248 /* GenericImage+CGImageConvertible.swift */; };
		3E12679DE46C3B7E37E89B70 /* Pixels.swift in Sources */ = {isa = PBXBuildFile; fileRef = 3E126C6FB76BE851BDC1A367 /* Pixels.swift */; };
		3E12681196366981AC1B6818 /* CGImage+GenericImageConvertible.swift in Sources */ = {isa = PBXBuildFile; fileRef = 3E126D1C48B15B9CF3F75F6D /* CGImage+GenericImageConvertible.swift */; };
		3E126C31891A24F0A505E394 /* CGImage+ImmutableImage.swift in Sources */ = {isa = PBXBuildFile; fileRef = 3E1261364C7852B928274854 /* CGImage+ImmutableImage.swift */; };
		3E126D95DE57B3464C00899B /* GenericImageConvertible.swift in Sources */ = {isa = PBXBuildFile; fileRef = 3E126FF970C12A67E2CEB7AE /* GenericImageConvertible.swift */; };
		3E126EE4798F55C890CC3FCD /* UIImage+ImmutableImage.swift in Sources */ = {isa = PBXBuildFile; fileRef = 3E126CAD4E59E20D48AAF782 /* UIImage+ImmutableImage.swift */; };
		3E126F3D768D0522E7DB1864 /* MutableImage.swift in Sources */ = {isa = PBXBuildFile; fileRef = 3E126C44172C83B2C0DA8C0E /* MutableImage.swift */; };
		832788A31B5FBBBA00F0BAA0 /* CVPixelBufferConvertible.swift in Sources */ = {isa = PBXBuildFile; fileRef = 832788A21B5FBBBA00F0BAA0 /* CVPixelBufferConvertible.swift */; };
		832788A51B5FBC2F00F0BAA0 /* CGImageConvertible.swift in Sources */ = {isa = PBXBuildFile; fileRef = 832788A41B5FBC2F00F0BAA0 /* CGImageConvertible.swift */; };
		832788A71B5FBCAE00F0BAA0 /* CIImageConvertible.swift in Sources */ = {isa = PBXBuildFile; fileRef = 832788A61B5FBCAE00F0BAA0 /* CIImageConvertible.swift */; };
		83530BC81B9ED68600620E5D /* Convert.swift in Sources */ = {isa = PBXBuildFile; fileRef = 83530BC71B9ED68600620E5D /* Convert.swift */; settings = {ASSET_TAGS = (); }; };
		8362246A1B6DB6FA00EBE84E /* UIImage+GenericImageConvertible.swift in Sources */ = {isa = PBXBuildFile; fileRef = 836224691B6DB6FA00EBE84E /* UIImage+GenericImageConvertible.swift */; };
		8362246C1B6DB79300EBE84E /* GenericImage+UIImageConvertible.swift in Sources */ = {isa = PBXBuildFile; fileRef = 8362246B1B6DB79300EBE84E /* GenericImage+UIImageConvertible.swift */; };
		836CDE201B6792A40079EEDD /* RegionRasterSource.swift in Sources */ = {isa = PBXBuildFile; fileRef = 836CDE1F1B6792A40079EEDD /* RegionRasterSource.swift */; };
		83C4902F1B5E6BAB00C54BE7 /* SwiftImage.h in Headers */ = {isa = PBXBuildFile; fileRef = 83C4902E1B5E6BAB00C54BE7 /* SwiftImage.h */; settings = {ATTRIBUTES = (Public, ); }; };
		83C490351B5E6BAC00C54BE7 /* SwiftImage.framework in Frameworks */ = {isa = PBXBuildFile; fileRef = 83C490291B5E6BAB00C54BE7 /* SwiftImage.framework */; };
		83C4903C1B5E6BAC00C54BE7 /* SwiftImageTests.swift in Sources */ = {isa = PBXBuildFile; fileRef = 83C4903B1B5E6BAC00C54BE7 /* SwiftImageTests.swift */; };
		83E5255B1B6283430057A7EB /* ImageRegion.swift in Sources */ = {isa = PBXBuildFile; fileRef = 83E5255A1B6283430057A7EB /* ImageRegion.swift */; };
/* End PBXBuildFile section */

/* Begin PBXContainerItemProxy section */
		83C490361B5E6BAC00C54BE7 /* PBXContainerItemProxy */ = {
			isa = PBXContainerItemProxy;
			containerPortal = 83C490201B5E6BAB00C54BE7 /* Project object */;
			proxyType = 1;
			remoteGlobalIDString = 83C490281B5E6BAB00C54BE7;
			remoteInfo = SwiftImage;
		};
/* End PBXContainerItemProxy section */

/* Begin PBXFileReference section */
		3E126116B63792A8A83D307A /* CVPixelBuffer+CGImageConvertible.swift */ = {isa = PBXFileReference; fileEncoding = 4; lastKnownFileType = sourcecode.swift; path = "CVPixelBuffer+CGImageConvertible.swift"; sourceTree = "<group>"; };
		3E1261364C7852B928274854 /* CGImage+ImmutableImage.swift */ = {isa = PBXFileReference; fileEncoding = 4; lastKnownFileType = sourcecode.swift; path = "CGImage+ImmutableImage.swift"; sourceTree = "<group>"; };
		3E126378DB07DF19D79E0377 /* CGImage+CVPixelBufferConvertible.swift */ = {isa = PBXFileReference; fileEncoding = 4; lastKnownFileType = sourcecode.swift; path = "CGImage+CVPixelBufferConvertible.swift"; sourceTree = "<group>"; };
		3E126657E65A22DA5ADF5248 /* GenericImage+CGImageConvertible.swift */ = {isa = PBXFileReference; fileEncoding = 4; lastKnownFileType = sourcecode.swift; path = "GenericImage+CGImageConvertible.swift"; sourceTree = "<group>"; };
		3E1266AF9F5F59C535C02F27 /* UIImageConvertible.swift */ = {isa = PBXFileReference; fileEncoding = 4; lastKnownFileType = sourcecode.swift; path = UIImageConvertible.swift; sourceTree = "<group>"; };
		3E1266C6A1CE5A0E46FE7EBE /* CIImage+ImmutableImage.swift */ = {isa = PBXFileReference; fileEncoding = 4; lastKnownFileType = sourcecode.swift; path = "CIImage+ImmutableImage.swift"; sourceTree = "<group>"; };
		3E12675E5B7C1C9C84FBCAA8 /* PixelColorConversion.swift */ = {isa = PBXFileReference; fileEncoding = 4; lastKnownFileType = sourcecode.swift; path = PixelColorConversion.swift; sourceTree = "<group>"; };
		3E1267D94761DEE310082E2C /* CVPixelBuffer+MutableImage.swift */ = {isa = PBXFileReference; fileEncoding = 4; lastKnownFileType = sourcecode.swift; path = "CVPixelBuffer+MutableImage.swift"; sourceTree = "<group>"; };
		3E12686464533B56CE69C716 /* GenericImage+CVPixelBufferConvertible.swift */ = {isa = PBXFileReference; fileEncoding = 4; lastKnownFileType = sourcecode.swift; path = "GenericImage+CVPixelBufferConvertible.swift"; sourceTree = "<group>"; };
		3E126AC498DB8E5A8E3ED8E7 /* GenericImage.swift */ = {isa = PBXFileReference; fileEncoding = 4; lastKnownFileType = sourcecode.swift; path = GenericImage.swift; sourceTree = "<group>"; };
		3E126BEDD3BA65EC1856BAF5 /* CVPixelBuffer+GenericImageConvertible.swift */ = {isa = PBXFileReference; fileEncoding = 4; lastKnownFileType = sourcecode.swift; path = "CVPixelBuffer+GenericImageConvertible.swift"; sourceTree = "<group>"; };
		3E126C44172C83B2C0DA8C0E /* MutableImage.swift */ = {isa = PBXFileReference; fileEncoding = 4; lastKnownFileType = sourcecode.swift; path = MutableImage.swift; sourceTree = "<group>"; };
		3E126C6FB76BE851BDC1A367 /* Pixels.swift */ = {isa = PBXFileReference; fileEncoding = 4; lastKnownFileType = sourcecode.swift; path = Pixels.swift; sourceTree = "<group>"; };
		3E126CAD4E59E20D48AAF782 /* UIImage+ImmutableImage.swift */ = {isa = PBXFileReference; fileEncoding = 4; lastKnownFileType = sourcecode.swift; path = "UIImage+ImmutableImage.swift"; sourceTree = "<group>"; };
		3E126D1C48B15B9CF3F75F6D /* CGImage+GenericImageConvertible.swift */ = {isa = PBXFileReference; fileEncoding = 4; lastKnownFileType = sourcecode.swift; path = "CGImage+GenericImageConvertible.swift"; sourceTree = "<group>"; };
		3E126D1E1B83AF74CCF1DEEE /* ImmutableImage.swift */ = {isa = PBXFileReference; fileEncoding = 4; lastKnownFileType = sourcecode.swift; path = ImmutableImage.swift; sourceTree = "<group>"; };
		3E126EEC6C7DDEF7B8AE5BAD /* PixelProcesses.swift */ = {isa = PBXFileReference; fileEncoding = 4; lastKnownFileType = sourcecode.swift; path = PixelProcesses.swift; sourceTree = "<group>"; };
		3E126FF970C12A67E2CEB7AE /* GenericImageConvertible.swift */ = {isa = PBXFileReference; fileEncoding = 4; lastKnownFileType = sourcecode.swift; path = GenericImageConvertible.swift; sourceTree = "<group>"; };
		832788A21B5FBBBA00F0BAA0 /* CVPixelBufferConvertible.swift */ = {isa = PBXFileReference; fileEncoding = 4; lastKnownFileType = sourcecode.swift; path = CVPixelBufferConvertible.swift; sourceTree = "<group>"; };
		832788A41B5FBC2F00F0BAA0 /* CGImageConvertible.swift */ = {isa = PBXFileReference; fileEncoding = 4; lastKnownFileType = sourcecode.swift; path = CGImageConvertible.swift; sourceTree = "<group>"; };
		832788A61B5FBCAE00F0BAA0 /* CIImageConvertible.swift */ = {isa = PBXFileReference; fileEncoding = 4; lastKnownFileType = sourcecode.swift; path = CIImageConvertible.swift; sourceTree = "<group>"; };
		83530BC71B9ED68600620E5D /* Convert.swift */ = {isa = PBXFileReference; fileEncoding = 4; lastKnownFileType = sourcecode.swift; path = Convert.swift; sourceTree = "<group>"; };
		836224691B6DB6FA00EBE84E /* UIImage+GenericImageConvertible.swift */ = {isa = PBXFileReference; fileEncoding = 4; lastKnownFileType = sourcecode.swift; path = "UIImage+GenericImageConvertible.swift"; sourceTree = "<group>"; };
		8362246B1B6DB79300EBE84E /* GenericImage+UIImageConvertible.swift */ = {isa = PBXFileReference; fileEncoding = 4; lastKnownFileType = sourcecode.swift; path = "GenericImage+UIImageConvertible.swift"; sourceTree = "<group>"; };
		836CDE1F1B6792A40079EEDD /* RegionRasterSource.swift */ = {isa = PBXFileReference; fileEncoding = 4; lastKnownFileType = sourcecode.swift; path = RegionRasterSource.swift; sourceTree = "<group>"; };
		83C490291B5E6BAB00C54BE7 /* SwiftImage.framework */ = {isa = PBXFileReference; explicitFileType = wrapper.framework; includeInIndex = 0; path = SwiftImage.framework; sourceTree = BUILT_PRODUCTS_DIR; };
		83C4902D1B5E6BAB00C54BE7 /* Info.plist */ = {isa = PBXFileReference; lastKnownFileType = text.plist.xml; path = Info.plist; sourceTree = "<group>"; };
		83C4902E1B5E6BAB00C54BE7 /* SwiftImage.h */ = {isa = PBXFileReference; lastKnownFileType = sourcecode.c.h; path = SwiftImage.h; sourceTree = "<group>"; };
		83C490341B5E6BAC00C54BE7 /* SwiftImageTests.xctest */ = {isa = PBXFileReference; explicitFileType = wrapper.cfbundle; includeInIndex = 0; path = SwiftImageTests.xctest; sourceTree = BUILT_PRODUCTS_DIR; };
		83C4903A1B5E6BAC00C54BE7 /* Info.plist */ = {isa = PBXFileReference; lastKnownFileType = text.plist.xml; path = Info.plist; sourceTree = "<group>"; };
		83C4903B1B5E6BAC00C54BE7 /* SwiftImageTests.swift */ = {isa = PBXFileReference; lastKnownFileType = sourcecode.swift; path = SwiftImageTests.swift; sourceTree = "<group>"; };
		83E5255A1B6283430057A7EB /* ImageRegion.swift */ = {isa = PBXFileReference; fileEncoding = 4; lastKnownFileType = sourcecode.swift; path = ImageRegion.swift; sourceTree = "<group>"; };
/* End PBXFileReference section */

/* Begin PBXFrameworksBuildPhase section */
		83C490251B5E6BAB00C54BE7 /* Frameworks */ = {
			isa = PBXFrameworksBuildPhase;
			buildActionMask = 2147483647;
			files = (
			);
			runOnlyForDeploymentPostprocessing = 0;
		};
		83C490311B5E6BAC00C54BE7 /* Frameworks */ = {
			isa = PBXFrameworksBuildPhase;
			buildActionMask = 2147483647;
			files = (
				83C490351B5E6BAC00C54BE7 /* SwiftImage.framework in Frameworks */,
			);
			runOnlyForDeploymentPostprocessing = 0;
		};
/* End PBXFrameworksBuildPhase section */

/* Begin PBXGroup section */
		3E1262A2BB55C04C5BA51AFF /* Process */ = {
			isa = PBXGroup;
			children = (
				3E126E3C8085ADCE84A3D5EA /* Pixel */,
				3E12636820CA777B738C68EC /* Image */,
			);
			path = Process;
			sourceTree = "<group>";
		};
		3E12636820CA777B738C68EC /* Image */ = {
			isa = PBXGroup;
			children = (
				3E1268C08650FE0138FE4CBB /* Convert */,
				836CDE1F1B6792A40079EEDD /* RegionRasterSource.swift */,
			);
			path = Image;
			sourceTree = "<group>";
		};
		3E1268C08650FE0138FE4CBB /* Convert */ = {
			isa = PBXGroup;
			children = (
				832788A21B5FBBBA00F0BAA0 /* CVPixelBufferConvertible.swift */,
				832788A41B5FBC2F00F0BAA0 /* CGImageConvertible.swift */,
				832788A61B5FBCAE00F0BAA0 /* CIImageConvertible.swift */,
				3E12698A27BBADB458BB4099 /* Impl */,
				3E126FF970C12A67E2CEB7AE /* GenericImageConvertible.swift */,
				3E1266AF9F5F59C535C02F27 /* UIImageConvertible.swift */,
			);
			path = Convert;
			sourceTree = "<group>";
		};
		3E1268D43573C17238D305DF /* Conform */ = {
			isa = PBXGroup;
			children = (
				3E1261364C7852B928274854 /* CGImage+ImmutableImage.swift */,
				3E1267D94761DEE310082E2C /* CVPixelBuffer+MutableImage.swift */,
				3E1266C6A1CE5A0E46FE7EBE /* CIImage+ImmutableImage.swift */,
				3E126CAD4E59E20D48AAF782 /* UIImage+ImmutableImage.swift */,
			);
			path = Conform;
			sourceTree = "<group>";
		};
		3E12698A27BBADB458BB4099 /* Impl */ = {
			isa = PBXGroup;
			children = (
				3E126BEDD3BA65EC1856BAF5 /* CVPixelBuffer+GenericImageConvertible.swift */,
				3E12686464533B56CE69C716 /* GenericImage+CVPixelBufferConvertible.swift */,
				3E126D1C48B15B9CF3F75F6D /* CGImage+GenericImageConvertible.swift */,
				3E126657E65A22DA5ADF5248 /* GenericImage+CGImageConvertible.swift */,
				836224691B6DB6FA00EBE84E /* UIImage+GenericImageConvertible.swift */,
				8362246B1B6DB79300EBE84E /* GenericImage+UIImageConvertible.swift */,
				3E126378DB07DF19D79E0377 /* CGImage+CVPixelBufferConvertible.swift */,
				3E126116B63792A8A83D307A /* CVPixelBuffer+CGImageConvertible.swift */,
				83530BC71B9ED68600620E5D /* Convert.swift */,
			);
			path = Impl;
			sourceTree = "<group>";
		};
		3E126AEAC5C87A4C10C3678B /* Model */ = {
			isa = PBXGroup;
			children = (
				3E126C44172C83B2C0DA8C0E /* MutableImage.swift */,
				3E126D1E1B83AF74CCF1DEEE /* ImmutableImage.swift */,
				3E126E55ACD93C92BAE4B81B /* Impl */,
				83E5255A1B6283430057A7EB /* ImageRegion.swift */,
				3E1268D43573C17238D305DF /* Conform */,
			);
			path = Model;
			sourceTree = "<group>";
		};
		3E126E3C8085ADCE84A3D5EA /* Pixel */ = {
			isa = PBXGroup;
			children = (
				3E126EEC6C7DDEF7B8AE5BAD /* PixelProcesses.swift */,
				3E12675E5B7C1C9C84FBCAA8 /* PixelColorConversion.swift */,
			);
			path = Pixel;
			sourceTree = "<group>";
		};
		3E126E55ACD93C92BAE4B81B /* Impl */ = {
			isa = PBXGroup;
			children = (
				3E126AC498DB8E5A8E3ED8E7 /* GenericImage.swift */,
				3E126C6FB76BE851BDC1A367 /* Pixels.swift */,
			);
			path = Impl;
			sourceTree = "<group>";
		};
		83C4901F1B5E6BAB00C54BE7 = {
			isa = PBXGroup;
			children = (
				83C4902B1B5E6BAB00C54BE7 /* SwiftImage */,
				83C490381B5E6BAC00C54BE7 /* SwiftImageTests */,
				83C4902A1B5E6BAB00C54BE7 /* Products */,
			);
			sourceTree = "<group>";
		};
		83C4902A1B5E6BAB00C54BE7 /* Products */ = {
			isa = PBXGroup;
			children = (
				83C490291B5E6BAB00C54BE7 /* SwiftImage.framework */,
				83C490341B5E6BAC00C54BE7 /* SwiftImageTests.xctest */,
			);
			name = Products;
			sourceTree = "<group>";
		};
		83C4902B1B5E6BAB00C54BE7 /* SwiftImage */ = {
			isa = PBXGroup;
			children = (
				83C4902E1B5E6BAB00C54BE7 /* SwiftImage.h */,
				83C4902C1B5E6BAB00C54BE7 /* Supporting Files */,
				3E126AEAC5C87A4C10C3678B /* Model */,
				3E1262A2BB55C04C5BA51AFF /* Process */,
			);
			path = SwiftImage;
			sourceTree = "<group>";
		};
		83C4902C1B5E6BAB00C54BE7 /* Supporting Files */ = {
			isa = PBXGroup;
			children = (
				83C4902D1B5E6BAB00C54BE7 /* Info.plist */,
			);
			name = "Supporting Files";
			sourceTree = "<group>";
		};
		83C490381B5E6BAC00C54BE7 /* SwiftImageTests */ = {
			isa = PBXGroup;
			children = (
				83C4903B1B5E6BAC00C54BE7 /* SwiftImageTests.swift */,
				83C490391B5E6BAC00C54BE7 /* Supporting Files */,
			);
			path = SwiftImageTests;
			sourceTree = "<group>";
		};
		83C490391B5E6BAC00C54BE7 /* Supporting Files */ = {
			isa = PBXGroup;
			children = (
				83C4903A1B5E6BAC00C54BE7 /* Info.plist */,
			);
			name = "Supporting Files";
			sourceTree = "<group>";
		};
/* End PBXGroup section */

/* Begin PBXHeadersBuildPhase section */
		83C490261B5E6BAB00C54BE7 /* Headers */ = {
			isa = PBXHeadersBuildPhase;
			buildActionMask = 2147483647;
			files = (
				83C4902F1B5E6BAB00C54BE7 /* SwiftImage.h in Headers */,
			);
			runOnlyForDeploymentPostprocessing = 0;
		};
/* End PBXHeadersBuildPhase section */

/* Begin PBXNativeTarget section */
		83C490281B5E6BAB00C54BE7 /* SwiftImage */ = {
			isa = PBXNativeTarget;
			buildConfigurationList = 83C4903F1B5E6BAC00C54BE7 /* Build configuration list for PBXNativeTarget "SwiftImage" */;
			buildPhases = (
				83C490241B5E6BAB00C54BE7 /* Sources */,
				83C490251B5E6BAB00C54BE7 /* Frameworks */,
				83C490261B5E6BAB00C54BE7 /* Headers */,
				83C490271B5E6BAB00C54BE7 /* Resources */,
			);
			buildRules = (
			);
			dependencies = (
			);
			name = SwiftImage;
			productName = SwiftImage;
			productReference = 83C490291B5E6BAB00C54BE7 /* SwiftImage.framework */;
			productType = "com.apple.product-type.framework";
		};
		83C490331B5E6BAC00C54BE7 /* SwiftImageTests */ = {
			isa = PBXNativeTarget;
			buildConfigurationList = 83C490421B5E6BAC00C54BE7 /* Build configuration list for PBXNativeTarget "SwiftImageTests" */;
			buildPhases = (
				83C490301B5E6BAC00C54BE7 /* Sources */,
				83C490311B5E6BAC00C54BE7 /* Frameworks */,
				83C490321B5E6BAC00C54BE7 /* Resources */,
			);
			buildRules = (
			);
			dependencies = (
				83C490371B5E6BAC00C54BE7 /* PBXTargetDependency */,
			);
			name = SwiftImageTests;
			productName = SwiftImageTests;
			productReference = 83C490341B5E6BAC00C54BE7 /* SwiftImageTests.xctest */;
			productType = "com.apple.product-type.bundle.unit-test";
		};
/* End PBXNativeTarget section */

/* Begin PBXProject section */
		83C490201B5E6BAB00C54BE7 /* Project object */ = {
			isa = PBXProject;
			attributes = {
				LastSwiftUpdateCheck = 0700;
				LastUpgradeCheck = 0700;
				ORGANIZATIONNAME = "Chris Hatton";
				TargetAttributes = {
					83C490281B5E6BAB00C54BE7 = {
						CreatedOnToolsVersion = 6.4;
					};
					83C490331B5E6BAC00C54BE7 = {
						CreatedOnToolsVersion = 6.4;
					};
				};
			};
			buildConfigurationList = 83C490231B5E6BAB00C54BE7 /* Build configuration list for PBXProject "SwiftImage" */;
			compatibilityVersion = "Xcode 3.2";
			developmentRegion = English;
			hasScannedForEncodings = 0;
			knownRegions = (
				en,
			);
			mainGroup = 83C4901F1B5E6BAB00C54BE7;
			productRefGroup = 83C4902A1B5E6BAB00C54BE7 /* Products */;
			projectDirPath = "";
			projectRoot = "";
			targets = (
				83C490281B5E6BAB00C54BE7 /* SwiftImage */,
				83C490331B5E6BAC00C54BE7 /* SwiftImageTests */,
			);
		};
/* End PBXProject section */

/* Begin PBXResourcesBuildPhase section */
		83C490271B5E6BAB00C54BE7 /* Resources */ = {
			isa = PBXResourcesBuildPhase;
			buildActionMask = 2147483647;
			files = (
			);
			runOnlyForDeploymentPostprocessing = 0;
		};
		83C490321B5E6BAC00C54BE7 /* Resources */ = {
			isa = PBXResourcesBuildPhase;
			buildActionMask = 2147483647;
			files = (
			);
			runOnlyForDeploymentPostprocessing = 0;
		};
/* End PBXResourcesBuildPhase section */

/* Begin PBXSourcesBuildPhase section */
		83C490241B5E6BAB00C54BE7 /* Sources */ = {
			isa = PBXSourcesBuildPhase;
			buildActionMask = 2147483647;
			files = (
				3E126329A9EC23E269FABF79 /* PixelProcesses.swift in Sources */,
				3E1266AE4B620F06BCC45074 /* PixelColorConversion.swift in Sources */,
				832788A51B5FBC2F00F0BAA0 /* CGImageConvertible.swift in Sources */,
				3E126F3D768D0522E7DB1864 /* MutableImage.swift in Sources */,
				8362246C1B6DB79300EBE84E /* GenericImage+UIImageConvertible.swift in Sources */,
				832788A71B5FBCAE00F0BAA0 /* CIImageConvertible.swift in Sources */,
				3E1260F69FE27BE58F506936 /* ImmutableImage.swift in Sources */,
				3E126253AF513DC91A68838C /* GenericImage.swift in Sources */,
				3E12679DE46C3B7E37E89B70 /* Pixels.swift in Sources */,
				832788A31B5FBBBA00F0BAA0 /* CVPixelBufferConvertible.swift in Sources */,
				3E126D95DE57B3464C00899B /* GenericImageConvertible.swift in Sources */,
				3E1264DC7FB1EE4F1A0874A8 /* UIImageConvertible.swift in Sources */,
				83E5255B1B6283430057A7EB /* ImageRegion.swift in Sources */,
				3E12627D3D9A0AA4944AC976 /* CVPixelBuffer+GenericImageConvertible.swift in Sources */,
				3E12635DAD6FF11D0D67AFD1 /* GenericImage+CVPixelBufferConvertible.swift in Sources */,
				8362246A1B6DB6FA00EBE84E /* UIImage+GenericImageConvertible.swift in Sources */,
				3E12681196366981AC1B6818 /* CGImage+GenericImageConvertible.swift in Sources */,
				3E12677E39AE1DE415F182BC /* GenericImage+CGImageConvertible.swift in Sources */,
				836CDE201B6792A40079EEDD /* RegionRasterSource.swift in Sources */,
				3E126C31891A24F0A505E394 /* CGImage+ImmutableImage.swift in Sources */,
				3E12607F0E56B44354A6A053 /* CVPixelBuffer+MutableImage.swift in Sources */,
				3E1266FC407F63623844EDD8 /* CIImage+ImmutableImage.swift in Sources */,
				3E126EE4798F55C890CC3FCD /* UIImage+ImmutableImage.swift in Sources */,
				83530BC81B9ED68600620E5D /* Convert.swift in Sources */,
				3E1265E367D9EAF8357645F4 /* CGImage+CVPixelBufferConvertible.swift in Sources */,
				3E126323898B4CFDF665A20C /* CVPixelBuffer+CGImageConvertible.swift in Sources */,
			);
			runOnlyForDeploymentPostprocessing = 0;
		};
		83C490301B5E6BAC00C54BE7 /* Sources */ = {
			isa = PBXSourcesBuildPhase;
			buildActionMask = 2147483647;
			files = (
				83C4903C1B5E6BAC00C54BE7 /* SwiftImageTests.swift in Sources */,
			);
			runOnlyForDeploymentPostprocessing = 0;
		};
/* End PBXSourcesBuildPhase section */

/* Begin PBXTargetDependency section */
		83C490371B5E6BAC00C54BE7 /* PBXTargetDependency */ = {
			isa = PBXTargetDependency;
			target = 83C490281B5E6BAB00C54BE7 /* SwiftImage */;
			targetProxy = 83C490361B5E6BAC00C54BE7 /* PBXContainerItemProxy */;
		};
/* End PBXTargetDependency section */

/* Begin XCBuildConfiguration section */
		83C4903D1B5E6BAC00C54BE7 /* Debug */ = {
			isa = XCBuildConfiguration;
			buildSettings = {
				ALWAYS_SEARCH_USER_PATHS = NO;
				CLANG_CXX_LANGUAGE_STANDARD = "gnu++0x";
				CLANG_CXX_LIBRARY = "libc++";
				CLANG_ENABLE_MODULES = YES;
				CLANG_ENABLE_OBJC_ARC = YES;
				CLANG_WARN_BOOL_CONVERSION = YES;
				CLANG_WARN_CONSTANT_CONVERSION = YES;
				CLANG_WARN_DIRECT_OBJC_ISA_USAGE = YES_ERROR;
				CLANG_WARN_EMPTY_BODY = YES;
				CLANG_WARN_ENUM_CONVERSION = YES;
				CLANG_WARN_INT_CONVERSION = YES;
				CLANG_WARN_OBJC_ROOT_CLASS = YES_ERROR;
				CLANG_WARN_UNREACHABLE_CODE = YES;
				CLANG_WARN__DUPLICATE_METHOD_MATCH = YES;
				"CODE_SIGN_IDENTITY[sdk=iphoneos*]" = "iPhone Developer";
				COPY_PHASE_STRIP = NO;
				CURRENT_PROJECT_VERSION = 1;
				DEBUG_INFORMATION_FORMAT = "dwarf-with-dsym";
				ENABLE_STRICT_OBJC_MSGSEND = YES;
				ENABLE_TESTABILITY = YES;
				GCC_C_LANGUAGE_STANDARD = gnu99;
				GCC_DYNAMIC_NO_PIC = NO;
				GCC_NO_COMMON_BLOCKS = YES;
				GCC_OPTIMIZATION_LEVEL = 0;
				GCC_PREPROCESSOR_DEFINITIONS = (
					"DEBUG=1",
					"$(inherited)",
				);
				GCC_SYMBOLS_PRIVATE_EXTERN = NO;
				GCC_WARN_64_TO_32_BIT_CONVERSION = YES;
				GCC_WARN_ABOUT_RETURN_TYPE = YES_ERROR;
				GCC_WARN_UNDECLARED_SELECTOR = YES;
				GCC_WARN_UNINITIALIZED_AUTOS = YES_AGGRESSIVE;
				GCC_WARN_UNUSED_FUNCTION = YES;
				GCC_WARN_UNUSED_VARIABLE = YES;
				IPHONEOS_DEPLOYMENT_TARGET = 8.4;
				MTL_ENABLE_DEBUG_INFO = YES;
				ONLY_ACTIVE_ARCH = YES;
				SDKROOT = iphoneos;
				SWIFT_OPTIMIZATION_LEVEL = "-Onone";
				TARGETED_DEVICE_FAMILY = "1,2";
				VERSIONING_SYSTEM = "apple-generic";
				VERSION_INFO_PREFIX = "";
			};
			name = Debug;
		};
		83C4903E1B5E6BAC00C54BE7 /* Release */ = {
			isa = XCBuildConfiguration;
			buildSettings = {
				ALWAYS_SEARCH_USER_PATHS = NO;
				CLANG_CXX_LANGUAGE_STANDARD = "gnu++0x";
				CLANG_CXX_LIBRARY = "libc++";
				CLANG_ENABLE_MODULES = YES;
				CLANG_ENABLE_OBJC_ARC = YES;
				CLANG_WARN_BOOL_CONVERSION = YES;
				CLANG_WARN_CONSTANT_CONVERSION = YES;
				CLANG_WARN_DIRECT_OBJC_ISA_USAGE = YES_ERROR;
				CLANG_WARN_EMPTY_BODY = YES;
				CLANG_WARN_ENUM_CONVERSION = YES;
				CLANG_WARN_INT_CONVERSION = YES;
				CLANG_WARN_OBJC_ROOT_CLASS = YES_ERROR;
				CLANG_WARN_UNREACHABLE_CODE = YES;
				CLANG_WARN__DUPLICATE_METHOD_MATCH = YES;
				"CODE_SIGN_IDENTITY[sdk=iphoneos*]" = "iPhone Developer";
				COPY_PHASE_STRIP = NO;
				CURRENT_PROJECT_VERSION = 1;
				DEBUG_INFORMATION_FORMAT = "dwarf-with-dsym";
				ENABLE_NS_ASSERTIONS = NO;
				ENABLE_STRICT_OBJC_MSGSEND = YES;
				GCC_C_LANGUAGE_STANDARD = gnu99;
				GCC_NO_COMMON_BLOCKS = YES;
				GCC_WARN_64_TO_32_BIT_CONVERSION = YES;
				GCC_WARN_ABOUT_RETURN_TYPE = YES_ERROR;
				GCC_WARN_UNDECLARED_SELECTOR = YES;
				GCC_WARN_UNINITIALIZED_AUTOS = YES_AGGRESSIVE;
				GCC_WARN_UNUSED_FUNCTION = YES;
				GCC_WARN_UNUSED_VARIABLE = YES;
				IPHONEOS_DEPLOYMENT_TARGET = 8.4;
				MTL_ENABLE_DEBUG_INFO = NO;
				SDKROOT = iphoneos;
				TARGETED_DEVICE_FAMILY = "1,2";
				VALIDATE_PRODUCT = YES;
				VERSIONING_SYSTEM = "apple-generic";
				VERSION_INFO_PREFIX = "";
			};
			name = Release;
		};
		83C490401B5E6BAC00C54BE7 /* Debug */ = {
			isa = XCBuildConfiguration;
			buildSettings = {
				DEFINES_MODULE = YES;
				DYLIB_COMPATIBILITY_VERSION = 1;
				DYLIB_CURRENT_VERSION = 1;
				DYLIB_INSTALL_NAME_BASE = "@rpath";
				INFOPLIST_FILE = SwiftImage/Info.plist;
				INSTALL_PATH = "$(LOCAL_LIBRARY_DIR)/Frameworks";
				LD_RUNPATH_SEARCH_PATHS = "$(inherited) @executable_path/Frameworks @loader_path/Frameworks";
				PRODUCT_BUNDLE_IDENTIFIER = "org.chrisHatton.$(PRODUCT_NAME:rfc1034identifier)";
				PRODUCT_NAME = "$(TARGET_NAME)";
				SKIP_INSTALL = YES;
			};
			name = Debug;
		};
		83C490411B5E6BAC00C54BE7 /* Release */ = {
			isa = XCBuildConfiguration;
			buildSettings = {
				DEFINES_MODULE = YES;
				DYLIB_COMPATIBILITY_VERSION = 1;
				DYLIB_CURRENT_VERSION = 1;
				DYLIB_INSTALL_NAME_BASE = "@rpath";
				INFOPLIST_FILE = SwiftImage/Info.plist;
				INSTALL_PATH = "$(LOCAL_LIBRARY_DIR)/Frameworks";
				LD_RUNPATH_SEARCH_PATHS = "$(inherited) @executable_path/Frameworks @loader_path/Frameworks";
				PRODUCT_BUNDLE_IDENTIFIER = "org.chrisHatton.$(PRODUCT_NAME:rfc1034identifier)";
				PRODUCT_NAME = "$(TARGET_NAME)";
				SKIP_INSTALL = YES;
				SWIFT_OPTIMIZATION_LEVEL = "-Onone";
			};
			name = Release;
		};
		83C490431B5E6BAC00C54BE7 /* Debug */ = {
			isa = XCBuildConfiguration;
			buildSettings = {
				FRAMEWORK_SEARCH_PATHS = (
					"$(SDKROOT)/Developer/Library/Frameworks",
					"$(inherited)",
				);
				GCC_PREPROCESSOR_DEFINITIONS = (
					"DEBUG=1",
					"$(inherited)",
				);
				INFOPLIST_FILE = SwiftImageTests/Info.plist;
				LD_RUNPATH_SEARCH_PATHS = "$(inherited) @executable_path/Frameworks @loader_path/Frameworks";
				PRODUCT_BUNDLE_IDENTIFIER = "org.chrisHatton.$(PRODUCT_NAME:rfc1034identifier)";
				PRODUCT_NAME = "$(TARGET_NAME)";
			};
			name = Debug;
		};
		83C490441B5E6BAC00C54BE7 /* Release */ = {
			isa = XCBuildConfiguration;
			buildSettings = {
				FRAMEWORK_SEARCH_PATHS = (
					"$(SDKROOT)/Developer/Library/Frameworks",
					"$(inherited)",
				);
				INFOPLIST_FILE = SwiftImageTests/Info.plist;
				LD_RUNPATH_SEARCH_PATHS = "$(inherited) @executable_path/Frameworks @loader_path/Frameworks";
				PRODUCT_BUNDLE_IDENTIFIER = "org.chrisHatton.$(PRODUCT_NAME:rfc1034identifier)";
				PRODUCT_NAME = "$(TARGET_NAME)";
			};
			name = Release;
		};
/* End XCBuildConfiguration section */

/* Begin XCConfigurationList section */
		83C490231B5E6BAB00C54BE7 /* Build configuration list for PBXProject "SwiftImage" */ = {
			isa = XCConfigurationList;
			buildConfigurations = (
				83C4903D1B5E6BAC00C54BE7 /* Debug */,
				83C4903E1B5E6BAC00C54BE7 /* Release */,
			);
			defaultConfigurationIsVisible = 0;
			defaultConfigurationName = Release;
		};
		83C4903F1B5E6BAC00C54BE7 /* Build configuration list for PBXNativeTarget "SwiftImage" */ = {
			isa = XCConfigurationList;
			buildConfigurations = (
				83C490401B5E6BAC00C54BE7 /* Debug */,
				83C490411B5E6BAC00C54BE7 /* Release */,
			);
			defaultConfigurationIsVisible = 0;
			defaultConfigurationName = Release;
		};
		83C490421B5E6BAC00C54BE7 /* Build configuration list for PBXNativeTarget "SwiftImageTests" */ = {
			isa = XCConfigurationList;
			buildConfigurations = (
				83C490431B5E6BAC00C54BE7 /* Debug */,
				83C490441B5E6BAC00C54BE7 /* Release */,
			);
			defaultConfigurationIsVisible = 0;
			defaultConfigurationName = Release;
		};
/* End XCConfigurationList section */
	};
	rootObject = 83C490201B5E6BAB00C54BE7 /* Project object */;
}
